
Microsoft Visual Studio Solution File, Format Version 12.00
# Visual Studio 15
VisualStudioVersion = 15.0.27428.2002
MinimumVisualStudioVersion = 10.0.40219.1
Project("{FAE04EC0-301F-11D3-BF4B-00C04F79EFBC}") = "Homework14.6", "Homework14.6\Homework14.6.csproj", "{C8D46E33-F70F-49F6-B5C6-C5D8C398A78C}"
EndProject
Global
	GlobalSection(SolutionConfigurationPlatforms) = preSolution
		Debug|Any CPU = Debug|Any CPU
		Release|Any CPU = Release|Any CPU
	EndGlobalSection
	GlobalSection(ProjectConfigurationPlatforms) = postSolution
		{C8D46E33-F70F-49F6-B5C6-C5D8C398A78C}.Debug|Any CPU.ActiveCfg = Debug|Any CPU
		{C8D46E33-F70F-49F6-B5C6-C5D8C398A78C}.Debug|Any CPU.Build.0 = Debug|Any CPU
		{C8D46E33-F70F-49F6-B5C6-C5D8C398A78C}.Release|Any CPU.ActiveCfg = Release|Any CPU
		{C8D46E33-F70F-49F6-B5C6-C5D8C398A78C}.Release|Any CPU.Build.0 = Release|Any CPU
	EndGlobalSection
	GlobalSection(SolutionProperties) = preSolution
		HideSolutionNode = FALSE
	EndGlobalSection
	GlobalSection(ExtensibilityGlobals) = postSolution
		SolutionGuid = {D419C3B0-8CA7-4BD1-8A1C-A4ADBF706501}
	EndGlobalSection
EndGlobal
